
Microsoft Visual Studio Solution File, Format Version 12.00
# Visual Studio Version 16
VisualStudioVersion = 16.0.29409.12
MinimumVisualStudioVersion = 10.0.40219.1
Project("{FAE04EC0-301F-11D3-BF4B-00C04F79EFBC}") = "Beerhall", "Beerhall\Beerhall.csproj", "{4473F9C6-E029-4201-ABA5-FEAD28502393}"
EndProject
Project("{FAE04EC0-301F-11D3-BF4B-00C04F79EFBC}") = "Beerhall.Tests", "Beerhall.Tests\Beerhall.Tests.csproj", "{501AFE16-4ACF-4EAE-A39F-10351A08F776}"
EndProject
Global
	GlobalSection(SolutionConfigurationPlatforms) = preSolution
		Debug|Any CPU = Debug|Any CPU
		Release|Any CPU = Release|Any CPU
	EndGlobalSection
	GlobalSection(ProjectConfigurationPlatforms) = postSolution
		{4473F9C6-E029-4201-ABA5-FEAD28502393}.Debug|Any CPU.ActiveCfg = Debug|Any CPU
		{4473F9C6-E029-4201-ABA5-FEAD28502393}.Debug|Any CPU.Build.0 = Debug|Any CPU
		{4473F9C6-E029-4201-ABA5-FEAD28502393}.Release|Any CPU.ActiveCfg = Release|Any CPU
		{4473F9C6-E029-4201-ABA5-FEAD28502393}.Release|Any CPU.Build.0 = Release|Any CPU
		{501AFE16-4ACF-4EAE-A39F-10351A08F776}.Debug|Any CPU.ActiveCfg = Debug|Any CPU
		{501AFE16-4ACF-4EAE-A39F-10351A08F776}.Debug|Any CPU.Build.0 = Debug|Any CPU
		{501AFE16-4ACF-4EAE-A39F-10351A08F776}.Release|Any CPU.ActiveCfg = Release|Any CPU
		{501AFE16-4ACF-4EAE-A39F-10351A08F776}.Release|Any CPU.Build.0 = Release|Any CPU
	EndGlobalSection
	GlobalSection(SolutionProperties) = preSolution
		HideSolutionNode = FALSE
	EndGlobalSection
	GlobalSection(ExtensibilityGlobals) = postSolution
		SolutionGuid = {8AB70EDA-DAD4-4DF1-BCEF-0E7C228FC45F}
	EndGlobalSection
EndGlobal
